# THIS IS AN AUTOGENERATED FILE. DO NOT EDIT THIS FILE DIRECTLY.
# yarn lockfile v1


"@babel/parser@^7.16.4":
  version "7.21.4"
  resolved "https://registry.yarnpkg.com/@babel/parser/-/parser-7.21.4.tgz#94003fdfc520bbe2875d4ae557b43ddb6d880f17"
  integrity sha512-alVJj7k7zIxqBZ7BTRhz0IqJFxW1VJbm6N8JbcYhQ186df9ZBPbZBmWSqAMXwHGsCJdYks7z/voa3ibiS5bCIw==

"@vue/compiler-core@3.2.47":
  version "3.2.47"
  resolved "https://registry.yarnpkg.com/@vue/compiler-core/-/compiler-core-3.2.47.tgz#3e07c684d74897ac9aa5922c520741f3029267f8"
  integrity sha512-p4D7FDnQb7+YJmO2iPEv0SQNeNzcbHdGByJDsT4lynf63AFkOTFN07HsiRSvjGo0QrxR/o3d0hUyNCUnBU2Tig==
  dependencies:
    "@babel/parser" "^7.16.4"
    "@vue/shared" "3.2.47"
    estree-walker "^2.0.2"
    source-map "^0.6.1"

"@vue/compiler-dom@3.2.47":
  version "3.2.47"
  resolved "https://registry.yarnpkg.com/@vue/compiler-dom/-/compiler-dom-3.2.47.tgz#a0b06caf7ef7056939e563dcaa9cbde30794f305"
  integrity sha512-dBBnEHEPoftUiS03a4ggEig74J2YBZ2UIeyfpcRM2tavgMWo4bsEfgCGsu+uJIL/vax9S+JztH8NmQerUo7shQ==
  dependencies:
    "@vue/compiler-core" "3.2.47"
    "@vue/shared" "3.2.47"

"@vue/compiler-sfc@3.2.47":
  version "3.2.47"
  resolved "https://registry.yarnpkg.com/@vue/compiler-sfc/-/compiler-sfc-3.2.47.tgz#1bdc36f6cdc1643f72e2c397eb1a398f5004ad3d"
  integrity sha512-rog05W+2IFfxjMcFw10tM9+f7i/+FFpZJJ5XHX72NP9eC2uRD+42M3pYcQqDXVYoj74kHMSEdQ/WmCjt8JFksQ==
  dependencies:
    "@babel/parser" "^7.16.4"
    "@vue/compiler-core" "3.2.47"
    "@vue/compiler-dom" "3.2.47"
    "@vue/compiler-ssr" "3.2.47"
    "@vue/reactivity-transform" "3.2.47"
    "@vue/shared" "3.2.47"
    estree-walker "^2.0.2"
    magic-string "^0.25.7"
    postcss "^8.1.10"
    source-map "^0.6.1"

"@vue/compiler-ssr@3.2.47":
  version "3.2.47"
  resolved "https://registry.yarnpkg.com/@vue/compiler-ssr/-/compiler-ssr-3.2.47.tgz#35872c01a273aac4d6070ab9d8da918ab13057ee"
  integrity sha512-wVXC+gszhulcMD8wpxMsqSOpvDZ6xKXSVWkf50Guf/S+28hTAXPDYRTbLQ3EDkOP5Xz/+SY37YiwDquKbJOgZw==
  dependencies:
    "@vue/compiler-dom" "3.2.47"
    "@vue/shared" "3.2.47"

"@vue/devtools-api@^6.5.0":
  version "6.5.0"
  resolved "https://registry.yarnpkg.com/@vue/devtools-api/-/devtools-api-6.5.0.tgz#98b99425edee70b4c992692628fa1ea2c1e57d07"
  integrity sha512-o9KfBeaBmCKl10usN4crU53fYtC1r7jJwdGKjPT24t348rHxgfpZ0xL3Xm/gLUYnc0oTp8LAmrxOeLyu6tbk2Q==

"@vue/reactivity-transform@3.2.47":
  version "3.2.47"
  resolved "https://registry.yarnpkg.com/@vue/reactivity-transform/-/reactivity-transform-3.2.47.tgz#e45df4d06370f8abf29081a16afd25cffba6d84e"
  integrity sha512-m8lGXw8rdnPVVIdIFhf0LeQ/ixyHkH5plYuS83yop5n7ggVJU+z5v0zecwEnX7fa7HNLBhh2qngJJkxpwEEmYA==
  dependencies:
    "@babel/parser" "^7.16.4"
    "@vue/compiler-core" "3.2.47"
    "@vue/shared" "3.2.47"
    estree-walker "^2.0.2"
    magic-string "^0.25.7"

"@vue/reactivity@3.2.47":
  version "3.2.47"
  resolved "https://registry.yarnpkg.com/@vue/reactivity/-/reactivity-3.2.47.tgz#1d6399074eadfc3ed35c727e2fd707d6881140b6"
  integrity sha512-7khqQ/75oyyg+N/e+iwV6lpy1f5wq759NdlS1fpAhFXa8VeAIKGgk2E/C4VF59lx5b+Ezs5fpp/5WsRYXQiKxQ==
  dependencies:
    "@vue/shared" "3.2.47"

"@vue/runtime-core@3.2.47":
  version "3.2.47"
  resolved "https://registry.yarnpkg.com/@vue/runtime-core/-/runtime-core-3.2.47.tgz#406ebade3d5551c00fc6409bbc1eeb10f32e121d"
  integrity sha512-RZxbLQIRB/K0ev0K9FXhNbBzT32H9iRtYbaXb0ZIz2usLms/D55dJR2t6cIEUn6vyhS3ALNvNthI+Q95C+NOpA==
  dependencies:
    "@vue/reactivity" "3.2.47"
    "@vue/shared" "3.2.47"

"@vue/runtime-dom@3.2.47":
  version "3.2.47"
  resolved "https://registry.yarnpkg.com/@vue/runtime-dom/-/runtime-dom-3.2.47.tgz#93e760eeaeab84dedfb7c3eaf3ed58d776299382"
  integrity sha512-ArXrFTjS6TsDei4qwNvgrdmHtD930KgSKGhS5M+j8QxXrDJYLqYw4RRcDy1bz1m1wMmb6j+zGLifdVHtkXA7gA==
  dependencies:
    "@vue/runtime-core" "3.2.47"
    "@vue/shared" "3.2.47"
    csstype "^2.6.8"

"@vue/server-renderer@3.2.47":
  version "3.2.47"
  resolved "https://registry.yarnpkg.com/@vue/server-renderer/-/server-renderer-3.2.47.tgz#8aa1d1871fc4eb5a7851aa7f741f8f700e6de3c0"
  integrity sha512-dN9gc1i8EvmP9RCzvneONXsKfBRgqFeFZLurmHOveL7oH6HiFXJw5OGu294n1nHc/HMgTy6LulU/tv5/A7f/LA==
  dependencies:
    "@vue/compiler-ssr" "3.2.47"
    "@vue/shared" "3.2.47"

"@vue/shared@3.2.47":
  version "3.2.47"
  resolved "https://registry.yarnpkg.com/@vue/shared/-/shared-3.2.47.tgz#e597ef75086c6e896ff5478a6bfc0a7aa4bbd14c"
  integrity sha512-BHGyyGN3Q97EZx0taMQ+OLNuZcW3d37ZEVmEAyeoA9ERdGvm9Irc/0Fua8SNyOtV1w6BS4q25wbMzJujO9HIfQ==

csstype@^2.6.8:
  version "2.6.21"
  resolved "https://registry.yarnpkg.com/csstype/-/csstype-2.6.21.tgz#2efb85b7cc55c80017c66a5ad7cbd931fda3a90e"
  integrity sha512-Z1PhmomIfypOpoMjRQB70jfvy/wxT50qW08YXO5lMIJkrdq4yOTR+AW7FqutScmB9NkLwxo+jU+kZLbofZZq/w==

estree-walker@^2.0.2:
  version "2.0.2"
  resolved "https://registry.yarnpkg.com/estree-walker/-/estree-walker-2.0.2.tgz#52f010178c2a4c117a7757cfe942adb7d2da4cac"
  integrity sha512-Rfkk/Mp/DL7JVje3u18FxFujQlTNR2q6QfMSMB7AvCBx91NGj/ba3kCfza0f6dVDbw7YlRf/nDrn7pQrCCyQ/w==

magic-string@^0.25.7:
  version "0.25.9"
  resolved "https://registry.yarnpkg.com/magic-string/-/magic-string-0.25.9.tgz#de7f9faf91ef8a1c91d02c2e5314c8277dbcdd1c"
  integrity sha512-RmF0AsMzgt25qzqqLc1+MbHmhdx0ojF2Fvs4XnOqz2ZOBXzzkEwc/dJQZCYHAn7v1jbVOjAZfK8msRn4BxO4VQ==
  dependencies:
    sourcemap-codec "^1.4.8"

nanoid@^3.3.4:
  version "3.3.6"
  resolved "https://registry.yarnpkg.com/nanoid/-/nanoid-3.3.6.tgz#443380c856d6e9f9824267d960b4236ad583ea4c"
  integrity sha512-BGcqMMJuToF7i1rt+2PWSNVnWIkGCU78jBG3RxO/bZlnZPK2Cmi2QaffxGO/2RvWi9sL+FAiRiXMgsyxQ1DIDA==

picocolors@^1.0.0:
  version "1.0.0"
  resolved "https://registry.yarnpkg.com/picocolors/-/picocolors-1.0.0.tgz#cb5bdc74ff3f51892236eaf79d68bc44564ab81c"
  integrity sha512-1fygroTLlHu66zi26VoTDv8yRgm0Fccecssto+MhsZ0D/DGW2sm8E8AjW7NU5VVTRt5GxbeZ5qBuJr+HyLYkjQ==

pinia-plugin-persistedstate@^3.1.0:
  version "3.1.0"
  resolved "https://registry.yarnpkg.com/pinia-plugin-persistedstate/-/pinia-plugin-persistedstate-3.1.0.tgz#eada2b61ecd478fce88e490a685210415cd7a1b4"
  integrity sha512-8UN+vYMEPBdgNLwceY08mi5olI0wkYaEb8b6hD6xW7SnBRuPydWHlEhZvUWgNb/ibuf4PvufpvtS+dmhYjJQOw==

pinia@2.0.34:
  version "2.0.34"
  resolved "https://registry.yarnpkg.com/pinia/-/pinia-2.0.34.tgz#6c0c84f06b631c30c030633fa64e525c609105a9"
  integrity sha512-cgOoGUiyqX0SSgX8XelK9+Ri4XA2/YyNtgjogwfzIx1g7iZTaZPxm7/bZYMCLU2qHRiHhxG7SuQO0eBacFNc2Q==
  dependencies:
    "@vue/devtools-api" "^6.5.0"
    vue-demi "*"

postcss@^8.1.10:
  version "8.4.21"
  resolved "https://registry.yarnpkg.com/postcss/-/postcss-8.4.21.tgz#c639b719a57efc3187b13a1d765675485f4134f4"
  integrity sha512-tP7u/Sn/dVxK2NnruI4H9BG+x+Wxz6oeZ1cJ8P6G/PZY0IKk4k/63TDsQf2kQq3+qoJeLm2kIBUNlZe3zgb4Zg==
  dependencies:
    nanoid "^3.3.4"
    picocolors "^1.0.0"
    source-map-js "^1.0.2"

source-map-js@^1.0.2:
  version "1.0.2"
  resolved "https://registry.yarnpkg.com/source-map-js/-/source-map-js-1.0.2.tgz#adbc361d9c62df380125e7f161f71c826f1e490c"
  integrity sha512-R0XvVJ9WusLiqTCEiGCmICCMplcCkIwwR11mOSD9CR5u+IXYdiseeEuXCVAjS54zqwkLcPNnmU4OeJ6tUrWhDw==

source-map@^0.6.1:
  version "0.6.1"
  resolved "https://registry.yarnpkg.com/source-map/-/source-map-0.6.1.tgz#74722af32e9614e9c287a8d0bbde48b5e2f1a263"
  integrity sha512-UjgapumWlbMhkBgzT7Ykc5YXUT46F0iKu8SGXq0bcwP5dz/h0Plj6enJqjz1Zbq2l5WaqYnrVbwWOWMyF3F47g==

sourcemap-codec@^1.4.8:
  version "1.4.8"
  resolved "https://registry.yarnpkg.com/sourcemap-codec/-/sourcemap-codec-1.4.8.tgz#ea804bd94857402e6992d05a38ef1ae35a9ab4c4"
  integrity sha512-9NykojV5Uih4lgo5So5dtw+f0JgJX30KCNI8gwhz2J9A15wD0Ml6tjHKwf6fTSa6fAdVBdZeNOs9eJ71qCk8vA==

vue-demi@*:
  version "0.14.0"
  resolved "https://registry.yarnpkg.com/vue-demi/-/vue-demi-0.14.0.tgz#dcfd9a9cf9bb62ada1582ec9042372cf67ca6190"
  integrity sha512-gt58r2ogsNQeVoQ3EhoUAvUsH9xviydl0dWJj7dabBC/2L4uBId7ujtCwDRD0JhkGsV1i0CtfLAeyYKBht9oWg==

vue@^3.2.47:
  version "3.2.47"
  resolved "https://registry.yarnpkg.com/vue/-/vue-3.2.47.tgz#3eb736cbc606fc87038dbba6a154707c8a34cff0"
  integrity sha512-60188y/9Dc9WVrAZeUVSDxRQOZ+z+y5nO2ts9jWXSTkMvayiWxCWOWtBQoYjLeccfXkiiPZWAHcV+WTPhkqJHQ==
  dependencies:
    "@vue/compiler-dom" "3.2.47"
    "@vue/compiler-sfc" "3.2.47"
    "@vue/runtime-dom" "3.2.47"
    "@vue/server-renderer" "3.2.47"
    "@vue/shared" "3.2.47"

zipson@^0.2.12:
  version "0.2.12"
  resolved "https://registry.yarnpkg.com/zipson/-/zipson-0.2.12.tgz#501f92e93f1c602ff908ad2c1c602e72746ecebb"
  integrity sha512-+u+fyZQXJUJDTf4NGCChW+LoWGqCrhwHAfvtCtcmE0e40KmQt4YSP4l3TOay1WjRNv+VfODgBD/vNwaSSGnDwA==
